// !$*UTF8*$!
{
	archiveVersion = 1;
	classes = {
	};
	objectVersion = 46;
	objects = {

/* Begin PBXBuildFile section */
		2205D67F19264C72007747FD /* Foundation.framework in Frameworks */ = {isa = PBXBuildFile; fileRef = 2205D67E19264C72007747FD /* Foundation.framework */; };
		2205D68119264C72007747FD /* CoreGraphics.framework in Frameworks */ = {isa = PBXBuildFile; fileRef = 2205D68019264C72007747FD /* CoreGraphics.framework */; };
		2205D68319264C72007747FD /* UIKit.framework in Frameworks */ = {isa = PBXBuildFile; fileRef = 2205D68219264C72007747FD /* UIKit.framework */; };
		2205D68919264C72007747FD /* InfoPlist.strings in Resources */ = {isa = PBXBuildFile; fileRef = 2205D68719264C72007747FD /* InfoPlist.strings */; };
		2205D68B19264C72007747FD /* main.m in Sources */ = {isa = PBXBuildFile; fileRef = 2205D68A19264C72007747FD /* main.m */; };
		2205D68F19264C72007747FD /* AJAppDelegate.m in Sources */ = {isa = PBXBuildFile; fileRef = 2205D68E19264C72007747FD /* AJAppDelegate.m */; };
		2205D69219264C72007747FD /* Main.storyboard in Resources */ = {isa = PBXBuildFile; fileRef = 2205D69019264C72007747FD /* Main.storyboard */; };
		2205D69519264C72007747FD /* AJViewController.m in Sources */ = {isa = PBXBuildFile; fileRef = 2205D69419264C72007747FD /* AJViewController.m */; };
		2205D69719264C72007747FD /* Images.xcassets in Resources */ = {isa = PBXBuildFile; fileRef = 2205D69619264C72007747FD /* Images.xcassets */; };
		2205D69E19264C72007747FD /* XCTest.framework in Frameworks */ = {isa = PBXBuildFile; fileRef = 2205D69D19264C72007747FD /* XCTest.framework */; };
		2205D69F19264C72007747FD /* Foundation.framework in Frameworks */ = {isa = PBXBuildFile; fileRef = 2205D67E19264C72007747FD /* Foundation.framework */; };
		2205D6A019264C72007747FD /* UIKit.framework in Frameworks */ = {isa = PBXBuildFile; fileRef = 2205D68219264C72007747FD /* UIKit.framework */; };
		2205D6A819264C72007747FD /* InfoPlist.strings in Resources */ = {isa = PBXBuildFile; fileRef = 2205D6A619264C72007747FD /* InfoPlist.strings */; };
		2205D6AA19264C72007747FD /* Prereq_Overdue_Class_List_AssignmentTests.m in Sources */ = {isa = PBXBuildFile; fileRef = 2205D6A919264C72007747FD /* Prereq_Overdue_Class_List_AssignmentTests.m */; };
/* End PBXBuildFile section */

/* Begin PBXContainerItemProxy section */
		2205D6A119264C72007747FD /* PBXContainerItemProxy */ = {
			isa = PBXContainerItemProxy;
			containerPortal = 2205D67319264C72007747FD /* Project object */;
			proxyType = 1;
			remoteGlobalIDString = 2205D67A19264C72007747FD;
			remoteInfo = "Prereq Overdue Class List Assignment";
		};
/* End PBXContainerItemProxy section */

/* Begin PBXFileReference section */
		2205D67B19264C72007747FD /* Prereq Overdue Class List Assignment.app */ = {isa = PBXFileReference; explicitFileType = wrapper.application; includeInIndex = 0; path = "Prereq Overdue Class List Assignment.app"; sourceTree = BUILT_PRODUCTS_DIR; };
		2205D67E19264C72007747FD /* Foundation.framework */ = {isa = PBXFileReference; lastKnownFileType = wrapper.framework; name = Foundation.framework; path = System/Library/Frameworks/Foundation.framework; sourceTree = SDKROOT; };
		2205D68019264C72007747FD /* CoreGraphics.framework */ = {isa = PBXFileReference; lastKnownFileType = wrapper.framework; name = CoreGraphics.framework; path = System/Library/Frameworks/CoreGraphics.framework; sourceTree = SDKROOT; };
		2205D68219264C72007747FD /* UIKit.framework */ = {isa = PBXFileReference; lastKnownFileType = wrapper.framework; name = UIKit.framework; path = System/Library/Frameworks/UIKit.framework; sourceTree = SDKROOT; };
		2205D68619264C72007747FD /* Prereq Overdue Class List Assignment-Info.plist */ = {isa = PBXFileReference; lastKnownFileType = text.plist.xml; path = "Prereq Overdue Class List Assignment-Info.plist"; sourceTree = "<group>"; };
		2205D68819264C72007747FD /* en */ = {isa = PBXFileReference; lastKnownFileType = text.plist.strings; name = en; path = en.lproj/InfoPlist.strings; sourceTree = "<group>"; };
		2205D68A19264C72007747FD /* main.m */ = {isa = PBXFileReference; lastKnownFileType = sourcecode.c.objc; path = main.m; sourceTree = "<group>"; };
		2205D68C19264C72007747FD /* Prereq Overdue Class List Assignment-Prefix.pch */ = {isa = PBXFileReference; lastKnownFileType = sourcecode.c.h; path = "Prereq Overdue Class List Assignment-Prefix.pch"; sourceTree = "<group>"; };
		2205D68D19264C72007747FD /* AJAppDelegate.h */ = {isa = PBXFileReference; lastKnownFileType = sourcecode.c.h; path = AJAppDelegate.h; sourceTree = "<group>"; };
		2205D68E19264C72007747FD /* AJAppDelegate.m */ = {isa = PBXFileReference; lastKnownFileType = sourcecode.c.objc; path = AJAppDelegate.m; sourceTree = "<group>"; };
		2205D69119264C72007747FD /* Base */ = {isa = PBXFileReference; lastKnownFileType = file.storyboard; name = Base; path = Base.lproj/Main.storyboard; sourceTree = "<group>"; };
		2205D69319264C72007747FD /* AJViewController.h */ = {isa = PBXFileReference; lastKnownFileType = sourcecode.c.h; path = AJViewController.h; sourceTree = "<group>"; };
		2205D69419264C72007747FD /* AJViewController.m */ = {isa = PBXFileReference; lastKnownFileType = sourcecode.c.objc; path = AJViewController.m; sourceTree = "<group>"; };
		2205D69619264C72007747FD /* Images.xcassets */ = {isa = PBXFileReference; lastKnownFileType = folder.assetcatalog; path = Images.xcassets; sourceTree = "<group>"; };
		2205D69C19264C72007747FD /* Prereq Overdue Class List AssignmentTests.xctest */ = {isa = PBXFileReference; explicitFileType = wrapper.cfbundle; includeInIndex = 0; path = "Prereq Overdue Class List AssignmentTests.xctest"; sourceTree = BUILT_PRODUCTS_DIR; };
		2205D69D19264C72007747FD /* XCTest.framework */ = {isa = PBXFileReference; lastKnownFileType = wrapper.framework; name = XCTest.framework; path = Library/Frameworks/XCTest.framework; sourceTree = DEVELOPER_DIR; };
		2205D6A519264C72007747FD /* Prereq Overdue Class List AssignmentTests-Info.plist */ = {isa = PBXFileReference; lastKnownFileType = text.plist.xml; path = "Prereq Overdue Class List AssignmentTests-Info.plist"; sourceTree = "<group>"; };
		2205D6A719264C72007747FD /* en */ = {isa = PBXFileReference; lastKnownFileType = text.plist.strings; name = en; path = en.lproj/InfoPlist.strings; sourceTree = "<group>"; };
		2205D6A919264C72007747FD /* Prereq_Overdue_Class_List_AssignmentTests.m */ = {isa = PBXFileReference; lastKnownFileType = sourcecode.c.objc; path = Prereq_Overdue_Class_List_AssignmentTests.m; sourceTree = "<group>"; };
/* End PBXFileReference section */

/* Begin PBXFrameworksBuildPhase section */
		2205D67819264C72007747FD /* Frameworks */ = {
			isa = PBXFrameworksBuildPhase;
			buildActionMask = 2147483647;
			files = (
				2205D68119264C72007747FD /* CoreGraphics.framework in Frameworks */,
				2205D68319264C72007747FD /* UIKit.framework in Frameworks */,
				2205D67F19264C72007747FD /* Foundation.framework in Frameworks */,
			);
			runOnlyForDeploymentPostprocessing = 0;
		};
		2205D69919264C72007747FD /* Frameworks */ = {
			isa = PBXFrameworksBuildPhase;
			buildActionMask = 2147483647;
			files = (
				2205D69E19264C72007747FD /* XCTest.framework in Frameworks */,
				2205D6A019264C72007747FD /* UIKit.framework in Frameworks */,
				2205D69F19264C72007747FD /* Foundation.framework in Frameworks */,
			);
			runOnlyForDeploymentPostprocessing = 0;
		};
/* End PBXFrameworksBuildPhase section */

/* Begin PBXGroup section */
		2205D67219264C72007747FD = {
			isa = PBXGroup;
			children = (
				2205D68419264C72007747FD /* Prereq Overdue Class List Assignment */,
				2205D6A319264C72007747FD /* Prereq Overdue Class List AssignmentTests */,
				2205D67D19264C72007747FD /* Frameworks */,
				2205D67C19264C72007747FD /* Products */,
			);
			sourceTree = "<group>";
		};
		2205D67C19264C72007747FD /* Products */ = {
			isa = PBXGroup;
			children = (
				2205D67B19264C72007747FD /* Prereq Overdue Class List Assignment.app */,
				2205D69C19264C72007747FD /* Prereq Overdue Class List AssignmentTests.xctest */,
			);
			name = Products;
			sourceTree = "<group>";
		};
		2205D67D19264C72007747FD /* Frameworks */ = {
			isa = PBXGroup;
			children = (
				2205D67E19264C72007747FD /* Foundation.framework */,
				2205D68019264C72007747FD /* CoreGraphics.framework */,
				2205D68219264C72007747FD /* UIKit.framework */,
				2205D69D19264C72007747FD /* XCTest.framework */,
			);
			name = Frameworks;
			sourceTree = "<group>";
		};
		2205D68419264C72007747FD /* Prereq Overdue Class List Assignment */ = {
			isa = PBXGroup;
			children = (
				2205D68D19264C72007747FD /* AJAppDelegate.h */,
				2205D68E19264C72007747FD /* AJAppDelegate.m */,
				2205D69019264C72007747FD /* Main.storyboard */,
				2205D69319264C72007747FD /* AJViewController.h */,
				2205D69419264C72007747FD /* AJViewController.m */,
				2205D69619264C72007747FD /* Images.xcassets */,
				2205D68519264C72007747FD /* Supporting Files */,
			);
			path = "Prereq Overdue Class List Assignment";
			sourceTree = "<group>";
		};
		2205D68519264C72007747FD /* Supporting Files */ = {
			isa = PBXGroup;
			children = (
				2205D68619264C72007747FD /* Prereq Overdue Class List Assignment-Info.plist */,
				2205D68719264C72007747FD /* InfoPlist.strings */,
				2205D68A19264C72007747FD /* main.m */,
				2205D68C19264C72007747FD /* Prereq Overdue Class List Assignment-Prefix.pch */,
			);
			name = "Supporting Files";
			sourceTree = "<group>";
		};
		2205D6A319264C72007747FD /* Prereq Overdue Class List AssignmentTests */ = {
			isa = PBXGroup;
			children = (
				2205D6A919264C72007747FD /* Prereq_Overdue_Class_List_AssignmentTests.m */,
				2205D6A419264C72007747FD /* Supporting Files */,
			);
			path = "Prereq Overdue Class List AssignmentTests";
			sourceTree = "<group>";
		};
		2205D6A419264C72007747FD /* Supporting Files */ = {
			isa = PBXGroup;
			children = (
				2205D6A519264C72007747FD /* Prereq Overdue Class List AssignmentTests-Info.plist */,
				2205D6A619264C72007747FD /* InfoPlist.strings */,
			);
			name = "Supporting Files";
			sourceTree = "<group>";
		};
/* End PBXGroup section */

/* Begin PBXNativeTarget section */
		2205D67A19264C72007747FD /* Prereq Overdue Class List Assignment */ = {
			isa = PBXNativeTarget;
			buildConfigurationList = 2205D6AD19264C72007747FD /* Build configuration list for PBXNativeTarget "Prereq Overdue Class List Assignment" */;
			buildPhases = (
				2205D67719264C72007747FD /* Sources */,
				2205D67819264C72007747FD /* Frameworks */,
				2205D67919264C72007747FD /* Resources */,
			);
			buildRules = (
			);
			dependencies = (
			);
			name = "Prereq Overdue Class List Assignment";
			productName = "Prereq Overdue Class List Assignment";
			productReference = 2205D67B19264C72007747FD /* Prereq Overdue Class List Assignment.app */;
			productType = "com.apple.product-type.application";
		};
		2205D69B19264C72007747FD /* Prereq Overdue Class List AssignmentTests */ = {
			isa = PBXNativeTarget;
			buildConfigurationList = 2205D6B019264C72007747FD /* Build configuration list for PBXNativeTarget "Prereq Overdue Class List AssignmentTests" */;
			buildPhases = (
				2205D69819264C72007747FD /* Sources */,
				2205D69919264C72007747FD /* Frameworks */,
				2205D69A19264C72007747FD /* Resources */,
			);
			buildRules = (
			);
			dependencies = (
				2205D6A219264C72007747FD /* PBXTargetDependency */,
			);
			name = "Prereq Overdue Class List AssignmentTests";
			productName = "Prereq Overdue Class List AssignmentTests";
			productReference = 2205D69C19264C72007747FD /* Prereq Overdue Class List AssignmentTests.xctest */;
			productType = "com.apple.product-type.bundle.unit-test";
		};
/* End PBXNativeTarget section */

/* Begin PBXProject section */
		2205D67319264C72007747FD /* Project object */ = {
			isa = PBXProject;
			attributes = {
				CLASSPREFIX = AJ;
				LastUpgradeCheck = 0510;
				ORGANIZATIONNAME = "Allan Jones";
				TargetAttributes = {
					2205D69B19264C72007747FD = {
						TestTargetID = 2205D67A19264C72007747FD;
					};
				};
			};
			buildConfigurationList = 2205D67619264C72007747FD /* Build configuration list for PBXProject "Prereq Overdue Class List Assignment" */;
			compatibilityVersion = "Xcode 3.2";
			developmentRegion = English;
			hasScannedForEncodings = 0;
			knownRegions = (
				en,
				Base,
			);
			mainGroup = 2205D67219264C72007747FD;
			productRefGroup = 2205D67C19264C72007747FD /* Products */;
			projectDirPath = "";
			projectRoot = "";
			targets = (
				2205D67A19264C72007747FD /* Prereq Overdue Class List Assignment */,
				2205D69B19264C72007747FD /* Prereq Overdue Class List AssignmentTests */,
			);
		};
/* End PBXProject section */

/* Begin PBXResourcesBuildPhase section */
		2205D67919264C72007747FD /* Resources */ = {
			isa = PBXResourcesBuildPhase;
			buildActionMask = 2147483647;
			files = (
				2205D69719264C72007747FD /* Images.xcassets in Resources */,
				2205D68919264C72007747FD /* InfoPlist.strings in Resources */,
				2205D69219264C72007747FD /* Main.storyboard in Resources */,
			);
			runOnlyForDeploymentPostprocessing = 0;
		};
		2205D69A19264C72007747FD /* Resources */ = {
			isa = PBXResourcesBuildPhase;
			buildActionMask = 2147483647;
			files = (
				2205D6A819264C72007747FD /* InfoPlist.strings in Resources */,
			);
			runOnlyForDeploymentPostprocessing = 0;
		};
/* End PBXResourcesBuildPhase section */

/* Begin PBXSourcesBuildPhase section */
		2205D67719264C72007747FD /* Sources */ = {
			isa = PBXSourcesBuildPhase;
			buildActionMask = 2147483647;
			files = (
				2205D68B19264C72007747FD /* main.m in Sources */,
				2205D69519264C72007747FD /* AJViewController.m in Sources */,
				2205D68F19264C72007747FD /* AJAppDelegate.m in Sources */,
			);
			runOnlyForDeploymentPostprocessing = 0;
		};
		2205D69819264C72007747FD /* Sources */ = {
			isa = PBXSourcesBuildPhase;
			buildActionMask = 2147483647;
			files = (
				2205D6AA19264C72007747FD /* Prereq_Overdue_Class_List_AssignmentTests.m in Sources */,
			);
			runOnlyForDeploymentPostprocessing = 0;
		};
/* End PBXSourcesBuildPhase section */

/* Begin PBXTargetDependency section */
		2205D6A219264C72007747FD /* PBXTargetDependency */ = {
			isa = PBXTargetDependency;
			target = 2205D67A19264C72007747FD /* Prereq Overdue Class List Assignment */;
			targetProxy = 2205D6A119264C72007747FD /* PBXContainerItemProxy */;
		};
/* End PBXTargetDependency section */

/* Begin PBXVariantGroup section */
		2205D68719264C72007747FD /* InfoPlist.strings */ = {
			isa = PBXVariantGroup;
			children = (
				2205D68819264C72007747FD /* en */,
			);
			name = InfoPlist.strings;
			sourceTree = "<group>";
		};
		2205D69019264C72007747FD /* Main.storyboard */ = {
			isa = PBXVariantGroup;
			children = (
				2205D69119264C72007747FD /* Base */,
			);
			name = Main.storyboard;
			sourceTree = "<group>";
		};
		2205D6A619264C72007747FD /* InfoPlist.strings */ = {
			isa = PBXVariantGroup;
			children = (
				2205D6A719264C72007747FD /* en */,
			);
			name = InfoPlist.strings;
			sourceTree = "<group>";
		};
/* End PBXVariantGroup section */

/* Begin XCBuildConfiguration section */
		2205D6AB19264C72007747FD /* Debug */ = {
			isa = XCBuildConfiguration;
			buildSettings = {
				ALWAYS_SEARCH_USER_PATHS = NO;
				CLANG_CXX_LANGUAGE_STANDARD = "gnu++0x";
				CLANG_CXX_LIBRARY = "libc++";
				CLANG_ENABLE_MODULES = YES;
				CLANG_ENABLE_OBJC_ARC = YES;
				CLANG_WARN_BOOL_CONVERSION = YES;
				CLANG_WARN_CONSTANT_CONVERSION = YES;
				CLANG_WARN_DIRECT_OBJC_ISA_USAGE = YES_ERROR;
				CLANG_WARN_EMPTY_BODY = YES;
				CLANG_WARN_ENUM_CONVERSION = YES;
				CLANG_WARN_INT_CONVERSION = YES;
				CLANG_WARN_OBJC_ROOT_CLASS = YES_ERROR;
				CLANG_WARN__DUPLICATE_METHOD_MATCH = YES;
				"CODE_SIGN_IDENTITY[sdk=iphoneos*]" = "iPhone Developer";
				COPY_PHASE_STRIP = NO;
				GCC_C_LANGUAGE_STANDARD = gnu99;
				GCC_DYNAMIC_NO_PIC = NO;
				GCC_OPTIMIZATION_LEVEL = 0;
				GCC_PREPROCESSOR_DEFINITIONS = (
					"DEBUG=1",
					"$(inherited)",
				);
				GCC_SYMBOLS_PRIVATE_EXTERN = NO;
				GCC_WARN_64_TO_32_BIT_CONVERSION = YES;
				GCC_WARN_ABOUT_RETURN_TYPE = YES_ERROR;
				GCC_WARN_UNDECLARED_SELECTOR = YES;
				GCC_WARN_UNINITIALIZED_AUTOS = YES_AGGRESSIVE;
				GCC_WARN_UNUSED_FUNCTION = YES;
				GCC_WARN_UNUSED_VARIABLE = YES;
				IPHONEOS_DEPLOYMENT_TARGET = 7.1;
				ONLY_ACTIVE_ARCH = YES;
				SDKROOT = iphoneos;
			};
			name = Debug;
		};
		2205D6AC19264C72007747FD /* Release */ = {
			isa = XCBuildConfiguration;
			buildSettings = {
				ALWAYS_SEARCH_USER_PATHS = NO;
				CLANG_CXX_LANGUAGE_STANDARD = "gnu++0x";
				CLANG_CXX_LIBRARY = "libc++";
				CLANG_ENABLE_MODULES = YES;
				CLANG_ENABLE_OBJC_ARC = YES;
				CLANG_WARN_BOOL_CONVERSION = YES;
				CLANG_WARN_CONSTANT_CONVERSION = YES;
				CLANG_WARN_DIRECT_OBJC_ISA_USAGE = YES_ERROR;
				CLANG_WARN_EMPTY_BODY = YES;
				CLANG_WARN_ENUM_CONVERSION = YES;
				CLANG_WARN_INT_CONVERSION = YES;
				CLANG_WARN_OBJC_ROOT_CLASS = YES_ERROR;
				CLANG_WARN__DUPLICATE_METHOD_MATCH = YES;
				"CODE_SIGN_IDENTITY[sdk=iphoneos*]" = "iPhone Developer";
				COPY_PHASE_STRIP = YES;
				ENABLE_NS_ASSERTIONS = NO;
				GCC_C_LANGUAGE_STANDARD = gnu99;
				GCC_WARN_64_TO_32_BIT_CONVERSION = YES;
				GCC_WARN_ABOUT_RETURN_TYPE = YES_ERROR;
				GCC_WARN_UNDECLARED_SELECTOR = YES;
				GCC_WARN_UNINITIALIZED_AUTOS = YES_AGGRESSIVE;
				GCC_WARN_UNUSED_FUNCTION = YES;
				GCC_WARN_UNUSED_VARIABLE = YES;
				IPHONEOS_DEPLOYMENT_TARGET = 7.1;
				SDKROOT = iphoneos;
				VALIDATE_PRODUCT = YES;
			};
			name = Release;
		};
		2205D6AE19264C72007747FD /* Debug */ = {
			isa = XCBuildConfiguration;
			buildSettings = {
				ASSETCATALOG_COMPILER_APPICON_NAME = AppIcon;
				ASSETCATALOG_COMPILER_LAUNCHIMAGE_NAME = LaunchImage;
				GCC_PRECOMPILE_PREFIX_HEADER = YES;
				GCC_PREFIX_HEADER = "Prereq Overdue Class List Assignment/Prereq Overdue Class List Assignment-Prefix.pch";
				INFOPLIST_FILE = "Prereq Overdue Class List Assignment/Prereq Overdue Class List Assignment-Info.plist";
				PRODUCT_NAME = "$(TARGET_NAME)";
				WRAPPER_EXTENSION = app;
			};
			name = Debug;
		};
		2205D6AF19264C72007747FD /* Release */ = {
			isa = XCBuildConfiguration;
			buildSettings = {
				ASSETCATALOG_COMPILER_APPICON_NAME = AppIcon;
				ASSETCATALOG_COMPILER_LAUNCHIMAGE_NAME = LaunchImage;
				GCC_PRECOMPILE_PREFIX_HEADER = YES;
				GCC_PREFIX_HEADER = "Prereq Overdue Class List Assignment/Prereq Overdue Class List Assignment-Prefix.pch";
				INFOPLIST_FILE = "Prereq Overdue Class List Assignment/Prereq Overdue Class List Assignment-Info.plist";
				PRODUCT_NAME = "$(TARGET_NAME)";
				WRAPPER_EXTENSION = app;
			};
			name = Release;
		};
		2205D6B119264C72007747FD /* Debug */ = {
			isa = XCBuildConfiguration;
			buildSettings = {
				BUNDLE_LOADER = "$(BUILT_PRODUCTS_DIR)/Prereq Overdue Class List Assignment.app/Prereq Overdue Class List Assignment";
				FRAMEWORK_SEARCH_PATHS = (
					"$(SDKROOT)/Developer/Library/Frameworks",
					"$(inherited)",
					"$(DEVELOPER_FRAMEWORKS_DIR)",
				);
				GCC_PRECOMPILE_PREFIX_HEADER = YES;
				GCC_PREFIX_HEADER = "Prereq Overdue Class List Assignment/Prereq Overdue Class List Assignment-Prefix.pch";
				GCC_PREPROCESSOR_DEFINITIONS = (
					"DEBUG=1",
					"$(inherited)",
				);
				INFOPLIST_FILE = "Prereq Overdue Class List AssignmentTests/Prereq Overdue Class List AssignmentTests-Info.plist";
				PRODUCT_NAME = "$(TARGET_NAME)";
				TEST_HOST = "$(BUNDLE_LOADER)";
				WRAPPER_EXTENSION = xctest;
			};
			name = Debug;
		};
		2205D6B219264C72007747FD /* Release */ = {
			isa = XCBuildConfiguration;
			buildSettings = {
				BUNDLE_LOADER = "$(BUILT_PRODUCTS_DIR)/Prereq Overdue Class List Assignment.app/Prereq Overdue Class List Assignment";
				FRAMEWORK_SEARCH_PATHS = (
					"$(SDKROOT)/Developer/Library/Frameworks",
					"$(inherited)",
					"$(DEVELOPER_FRAMEWORKS_DIR)",
				);
				GCC_PRECOMPILE_PREFIX_HEADER = YES;
				GCC_PREFIX_HEADER = "Prereq Overdue Class List Assignment/Prereq Overdue Class List Assignment-Prefix.pch";
				INFOPLIST_FILE = "Prereq Overdue Class List AssignmentTests/Prereq Overdue Class List AssignmentTests-Info.plist";
				PRODUCT_NAME = "$(TARGET_NAME)";
				TEST_HOST = "$(BUNDLE_LOADER)";
				WRAPPER_EXTENSION = xctest;
			};
			name = Release;
		};
/* End XCBuildConfiguration section */

/* Begin XCConfigurationList section */
		2205D67619264C72007747FD /* Build configuration list for PBXProject "Prereq Overdue Class List Assignment" */ = {
			isa = XCConfigurationList;
			buildConfigurations = (
				2205D6AB19264C72007747FD /* Debug */,
				2205D6AC19264C72007747FD /* Release */,
			);
			defaultConfigurationIsVisible = 0;
			defaultConfigurationName = Release;
		};
		2205D6AD19264C72007747FD /* Build configuration list for PBXNativeTarget "Prereq Overdue Class List Assignment" */ = {
			isa = XCConfigurationList;
			buildConfigurations = (
				2205D6AE19264C72007747FD /* Debug */,
				2205D6AF19264C72007747FD /* Release */,
			);
			defaultConfigurationIsVisible = 0;
		};
		2205D6B019264C72007747FD /* Build configuration list for PBXNativeTarget "Prereq Overdue Class List AssignmentTests" */ = {
			isa = XCConfigurationList;
			buildConfigurations = (
				2205D6B119264C72007747FD /* Debug */,
				2205D6B219264C72007747FD /* Release */,
			);
			defaultConfigurationIsVisible = 0;
		};
/* End XCConfigurationList section */
	};
	rootObject = 2205D67319264C72007747FD /* Project object */;
}
